{
  "originHash" : "6091314d1704024c90b8f69fb708629e0f808bd0e0d919bd2e018a35415ba9cd",
  "pins" : [
    {
      "identity" : "rearrange",
      "kind" : "remoteSourceControl",
      "location" : "https://github.com/ChimeHQ/Rearrange",
      "state" : {
        "branch" : "main",
        "revision" : "2bfff9a3806321aabf2e57b68f561b70df639306"
      }
    }
  ],
  "version" : 3
}
