{
  "object": {
    "pins": [
      {
        "package": "Rearrange",
        "repositoryURL": "https://github.com/ChimeHQ/Rearrange",
        "state": {
          "branch": null,
          "revision": "6e0eec6f00d7263385e0757baba2d94237df2f82",
          "version": "1.3.2"
        }
      },
      {
        "package": "TextStory",
        "repositoryURL": "https://github.com/ChimeHQ/TextStory.git",
        "state": {
          "branch": "main",
          "revision": "af72294de89c9a50bf8f7e79b29c9cc1047070e5",
          "version": null
        }
      }
    ]
  },
  "version": 1
}
